
Microsoft Visual Studio Solution File, Format Version 12.00
# Visual Studio Version 16
VisualStudioVersion = 16.0.31019.35
MinimumVisualStudioVersion = 10.0.40219.1
Project("{FAE04EC0-301F-11D3-BF4B-00C04F79EFBC}") = "GSIWin_Script_Tool", "GSIWin_Script_Tool.csproj", "{5DC4E621-05EC-4E83-98AB-A29D55B4FDC1}"
EndProject
Global
	GlobalSection(SolutionConfigurationPlatforms) = preSolution
		Debug|Any CPU = Debug|Any CPU
		Release|Any CPU = Release|Any CPU
	EndGlobalSection
	GlobalSection(ProjectConfigurationPlatforms) = postSolution
		{5DC4E621-05EC-4E83-98AB-A29D55B4FDC1}.Debug|Any CPU.ActiveCfg = Debug|Any CPU
		{5DC4E621-05EC-4E83-98AB-A29D55B4FDC1}.Debug|Any CPU.Build.0 = Debug|Any CPU
		{5DC4E621-05EC-4E83-98AB-A29D55B4FDC1}.Release|Any CPU.ActiveCfg = Release|Any CPU
		{5DC4E621-05EC-4E83-98AB-A29D55B4FDC1}.Release|Any CPU.Build.0 = Release|Any CPU
	EndGlobalSection
	GlobalSection(SolutionProperties) = preSolution
		HideSolutionNode = FALSE
	EndGlobalSection
	GlobalSection(ExtensibilityGlobals) = postSolution
		SolutionGuid = {F10A3E38-973F-4FE8-93C6-E0EA9E4BCE96}
	EndGlobalSection
EndGlobal
